
Microsoft Visual Studio Solution File, Format Version 12.00
# Visual Studio Version 17
VisualStudioVersion = 17.0.31903.59
MinimumVisualStudioVersion = 10.0.40219.1
Project("{FAE04EC0-301F-11D3-BF4B-00C04F79EFBC}") = "matrix_app", "matrix_app\matrix_app.csproj", "{3AC7F1FD-7E52-4359-990F-A5E039CE29E4}"
EndProject
Global
	GlobalSection(SolutionConfigurationPlatforms) = preSolution
		Debug|Any CPU = Debug|Any CPU
		Release|Any CPU = Release|Any CPU
	EndGlobalSection
	GlobalSection(ProjectConfigurationPlatforms) = postSolution
		{3AC7F1FD-7E52-4359-990F-A5E039CE29E4}.Debug|Any CPU.ActiveCfg = Debug|Any CPU
		{3AC7F1FD-7E52-4359-990F-A5E039CE29E4}.Debug|Any CPU.Build.0 = Debug|Any CPU
		{3AC7F1FD-7E52-4359-990F-A5E039CE29E4}.Release|Any CPU.ActiveCfg = Release|Any CPU
		{3AC7F1FD-7E52-4359-990F-A5E039CE29E4}.Release|Any CPU.Build.0 = Release|Any CPU
	EndGlobalSection
	GlobalSection(SolutionProperties) = preSolution
		HideSolutionNode = FALSE
	EndGlobalSection
	GlobalSection(ExtensibilityGlobals) = postSolution
		SolutionGuid = {0FAD107C-94B5-4823-A5A2-4FE1D2CCEC9A}
	EndGlobalSection
EndGlobal
